<?xml version="1.0" encoding="UTF-8"?>
<CodeBlocks_project_file>
	<FileVersion major="1" minor="6"/>
	<Project>
		<Option title="NetworksLab2017"/>
		<Option makefile_is_custom="1"/>
		<Option compiler="gcc"/>
		<Option virtualFolders="CMake Files\;CMake Files\LDAP\;CMake Files\LDAP\tcp_template\;CMake Files\LDAP\tcp_template\client_linux\;CMake Files\LDAP\tcp_template\server_linux\;"/>
		<Build>
			<Target title="all">
				<Option working_dir="/Users/kirill/CLionProjects/NetworksLab2017"/>
				<Option type="4"/>
				<MakeCommands>
					<Build command="/usr/bin/make -j4 -f &quot;/Users/kirill/CLionProjects/NetworksLab2017/Makefile&quot;  VERBOSE=1 all"/>
					<CompileFile command="/usr/bin/make -j4 -f &quot;/Users/kirill/CLionProjects/NetworksLab2017/Makefile&quot;  VERBOSE=1 &quot;$file&quot;"/>
					<Clean command="/usr/bin/make -j4 -f &quot;/Users/kirill/CLionProjects/NetworksLab2017/Makefile&quot;  VERBOSE=1 clean"/>
					<DistClean command="/usr/bin/make -j4 -f &quot;/Users/kirill/CLionProjects/NetworksLab2017/Makefile&quot;  VERBOSE=1 clean"/>
				</MakeCommands>
			</Target>
			<Target title="rebuild_cache">
				<Option working_dir="/Users/kirill/CLionProjects/NetworksLab2017"/>
				<Option type="4"/>
				<MakeCommands>
					<Build command="/usr/bin/make -j4 -f &quot;/Users/kirill/CLionProjects/NetworksLab2017/Makefile&quot;  VERBOSE=1 rebuild_cache"/>
					<CompileFile command="/usr/bin/make -j4 -f &quot;/Users/kirill/CLionProjects/NetworksLab2017/Makefile&quot;  VERBOSE=1 &quot;$file&quot;"/>
					<Clean command="/usr/bin/make -j4 -f &quot;/Users/kirill/CLionProjects/NetworksLab2017/Makefile&quot;  VERBOSE=1 clean"/>
					<DistClean command="/usr/bin/make -j4 -f &quot;/Users/kirill/CLionProjects/NetworksLab2017/Makefile&quot;  VERBOSE=1 clean"/>
				</MakeCommands>
			</Target>
			<Target title="edit_cache">
				<Option working_dir="/Users/kirill/CLionProjects/NetworksLab2017"/>
				<Option type="4"/>
				<MakeCommands>
					<Build command="/usr/bin/make -j4 -f &quot;/Users/kirill/CLionProjects/NetworksLab2017/Makefile&quot;  VERBOSE=1 edit_cache"/>
					<CompileFile command="/usr/bin/make -j4 -f &quot;/Users/kirill/CLionProjects/NetworksLab2017/Makefile&quot;  VERBOSE=1 &quot;$file&quot;"/>
					<Clean command="/usr/bin/make -j4 -f &quot;/Users/kirill/CLionProjects/NetworksLab2017/Makefile&quot;  VERBOSE=1 clean"/>
					<DistClean command="/usr/bin/make -j4 -f &quot;/Users/kirill/CLionProjects/NetworksLab2017/Makefile&quot;  VERBOSE=1 clean"/>
				</MakeCommands>
			</Target>
			<Target title="LDAP_client">
				<Option output="/Users/kirill/CLionProjects/NetworksLab2017/LDAP/tcp_template/client_linux/LDAP_client" prefix_auto="0" extension_auto="0"/>
				<Option working_dir="/Users/kirill/CLionProjects/NetworksLab2017/LDAP/tcp_template/client_linux"/>
				<Option object_output="./"/>
				<Option type="1"/>
				<Option compiler="gcc"/>
				<Compiler>
					<Add directory="/Library/Developer/CommandLineTools/usr/include/c++/v1"/>
					<Add directory="/usr/local/include"/>
					<Add directory="/Library/Developer/CommandLineTools/usr/lib/clang/9.0.0/include"/>
					<Add directory="/Library/Developer/CommandLineTools/usr/include"/>
					<Add directory="/usr/include"/>
					<Add directory="/System/Library/Frameworks"/>
					<Add directory="/Library/Frameworks"/>
				</Compiler>
				<MakeCommands>
					<Build command="/usr/bin/make -j4 -f &quot;/Users/kirill/CLionProjects/NetworksLab2017/LDAP/tcp_template/client_linux/Makefile&quot;  VERBOSE=1 LDAP_client"/>
					<CompileFile command="/usr/bin/make -j4 -f &quot;/Users/kirill/CLionProjects/NetworksLab2017/LDAP/tcp_template/client_linux/Makefile&quot;  VERBOSE=1 &quot;$file&quot;"/>
					<Clean command="/usr/bin/make -j4 -f &quot;/Users/kirill/CLionProjects/NetworksLab2017/LDAP/tcp_template/client_linux/Makefile&quot;  VERBOSE=1 clean"/>
					<DistClean command="/usr/bin/make -j4 -f &quot;/Users/kirill/CLionProjects/NetworksLab2017/LDAP/tcp_template/client_linux/Makefile&quot;  VERBOSE=1 clean"/>
				</MakeCommands>
			</Target>
			<Target title="LDAP_client/fast">
				<Option output="/Users/kirill/CLionProjects/NetworksLab2017/LDAP/tcp_template/client_linux/LDAP_client" prefix_auto="0" extension_auto="0"/>
				<Option working_dir="/Users/kirill/CLionProjects/NetworksLab2017/LDAP/tcp_template/client_linux"/>
				<Option object_output="./"/>
				<Option type="1"/>
				<Option compiler="gcc"/>
				<Compiler>
					<Add directory="/Library/Developer/CommandLineTools/usr/include/c++/v1"/>
					<Add directory="/usr/local/include"/>
					<Add directory="/Library/Developer/CommandLineTools/usr/lib/clang/9.0.0/include"/>
					<Add directory="/Library/Developer/CommandLineTools/usr/include"/>
					<Add directory="/usr/include"/>
					<Add directory="/System/Library/Frameworks"/>
					<Add directory="/Library/Frameworks"/>
				</Compiler>
				<MakeCommands>
					<Build command="/usr/bin/make -j4 -f &quot;/Users/kirill/CLionProjects/NetworksLab2017/LDAP/tcp_template/client_linux/Makefile&quot;  VERBOSE=1 LDAP_client/fast"/>
					<CompileFile command="/usr/bin/make -j4 -f &quot;/Users/kirill/CLionProjects/NetworksLab2017/LDAP/tcp_template/client_linux/Makefile&quot;  VERBOSE=1 &quot;$file&quot;"/>
					<Clean command="/usr/bin/make -j4 -f &quot;/Users/kirill/CLionProjects/NetworksLab2017/LDAP/tcp_template/client_linux/Makefile&quot;  VERBOSE=1 clean"/>
					<DistClean command="/usr/bin/make -j4 -f &quot;/Users/kirill/CLionProjects/NetworksLab2017/LDAP/tcp_template/client_linux/Makefile&quot;  VERBOSE=1 clean"/>
				</MakeCommands>
			</Target>
			<Target title="LDAP_server">
				<Option output="/Users/kirill/CLionProjects/NetworksLab2017/LDAP/tcp_template/server_linux/LDAP_server" prefix_auto="0" extension_auto="0"/>
				<Option working_dir="/Users/kirill/CLionProjects/NetworksLab2017/LDAP/tcp_template/server_linux"/>
				<Option object_output="./"/>
				<Option type="1"/>
				<Option compiler="gcc"/>
				<Compiler>
					<Add directory="/Library/Developer/CommandLineTools/usr/include/c++/v1"/>
					<Add directory="/usr/local/include"/>
					<Add directory="/Library/Developer/CommandLineTools/usr/lib/clang/9.0.0/include"/>
					<Add directory="/Library/Developer/CommandLineTools/usr/include"/>
					<Add directory="/usr/include"/>
					<Add directory="/System/Library/Frameworks"/>
					<Add directory="/Library/Frameworks"/>
				</Compiler>
				<MakeCommands>
					<Build command="/usr/bin/make -j4 -f &quot;/Users/kirill/CLionProjects/NetworksLab2017/LDAP/tcp_template/server_linux/Makefile&quot;  VERBOSE=1 LDAP_server"/>
					<CompileFile command="/usr/bin/make -j4 -f &quot;/Users/kirill/CLionProjects/NetworksLab2017/LDAP/tcp_template/server_linux/Makefile&quot;  VERBOSE=1 &quot;$file&quot;"/>
					<Clean command="/usr/bin/make -j4 -f &quot;/Users/kirill/CLionProjects/NetworksLab2017/LDAP/tcp_template/server_linux/Makefile&quot;  VERBOSE=1 clean"/>
					<DistClean command="/usr/bin/make -j4 -f &quot;/Users/kirill/CLionProjects/NetworksLab2017/LDAP/tcp_template/server_linux/Makefile&quot;  VERBOSE=1 clean"/>
				</MakeCommands>
			</Target>
			<Target title="LDAP_server/fast">
				<Option output="/Users/kirill/CLionProjects/NetworksLab2017/LDAP/tcp_template/server_linux/LDAP_server" prefix_auto="0" extension_auto="0"/>
				<Option working_dir="/Users/kirill/CLionProjects/NetworksLab2017/LDAP/tcp_template/server_linux"/>
				<Option object_output="./"/>
				<Option type="1"/>
				<Option compiler="gcc"/>
				<Compiler>
					<Add directory="/Library/Developer/CommandLineTools/usr/include/c++/v1"/>
					<Add directory="/usr/local/include"/>
					<Add directory="/Library/Developer/CommandLineTools/usr/lib/clang/9.0.0/include"/>
					<Add directory="/Library/Developer/CommandLineTools/usr/include"/>
					<Add directory="/usr/include"/>
					<Add directory="/System/Library/Frameworks"/>
					<Add directory="/Library/Frameworks"/>
				</Compiler>
				<MakeCommands>
					<Build command="/usr/bin/make -j4 -f &quot;/Users/kirill/CLionProjects/NetworksLab2017/LDAP/tcp_template/server_linux/Makefile&quot;  VERBOSE=1 LDAP_server/fast"/>
					<CompileFile command="/usr/bin/make -j4 -f &quot;/Users/kirill/CLionProjects/NetworksLab2017/LDAP/tcp_template/server_linux/Makefile&quot;  VERBOSE=1 &quot;$file&quot;"/>
					<Clean command="/usr/bin/make -j4 -f &quot;/Users/kirill/CLionProjects/NetworksLab2017/LDAP/tcp_template/server_linux/Makefile&quot;  VERBOSE=1 clean"/>
					<DistClean command="/usr/bin/make -j4 -f &quot;/Users/kirill/CLionProjects/NetworksLab2017/LDAP/tcp_template/server_linux/Makefile&quot;  VERBOSE=1 clean"/>
				</MakeCommands>
			</Target>
		</Build>
		<Unit filename="/Users/kirill/CLionProjects/NetworksLab2017/LDAP/tcp_template/client_linux/main.c">
			<Option target="LDAP_client"/>
		</Unit>
		<Unit filename="/Users/kirill/CLionProjects/NetworksLab2017/LDAP/tcp_template/client_linux/main.h">
			<Option target="LDAP_client"/>
		</Unit>
		<Unit filename="/Users/kirill/CLionProjects/NetworksLab2017/LDAP/tcp_template/server_linux/main.c">
			<Option target="LDAP_server"/>
		</Unit>
		<Unit filename="/Users/kirill/CLionProjects/NetworksLab2017/LDAP/tcp_template/server_linux/server.c">
			<Option target="LDAP_server"/>
		</Unit>
		<Unit filename="/Users/kirill/CLionProjects/NetworksLab2017/LDAP/tcp_template/server_linux/server.h">
			<Option target="LDAP_server"/>
		</Unit>
		<Unit filename="/Users/kirill/CLionProjects/NetworksLab2017/CMakeLists.txt">
			<Option virtualFolder="CMake Files\"/>
		</Unit>
		<Unit filename="/Users/kirill/CLionProjects/NetworksLab2017/LDAP/tcp_template/client_linux/CMakeLists.txt">
			<Option virtualFolder="CMake Files\LDAP\tcp_template\client_linux\"/>
		</Unit>
		<Unit filename="/Users/kirill/CLionProjects/NetworksLab2017/LDAP/tcp_template/client_linux/CMakeLists.txt">
			<Option virtualFolder="CMake Files\LDAP\tcp_template\client_linux\"/>
		</Unit>
		<Unit filename="/Users/kirill/CLionProjects/NetworksLab2017/LDAP/tcp_template/server_linux/CMakeLists.txt">
			<Option virtualFolder="CMake Files\LDAP\tcp_template\server_linux\"/>
		</Unit>
		<Unit filename="/Users/kirill/CLionProjects/NetworksLab2017/LDAP/tcp_template/server_linux/CMakeLists.txt">
			<Option virtualFolder="CMake Files\LDAP\tcp_template\server_linux\"/>
		</Unit>
	</Project>
</CodeBlocks_project_file>
